
Microsoft Visual Studio Solution File, Format Version 12.00
# Visual Studio Version 16
VisualStudioVersion = 16.0.30711.63
MinimumVisualStudioVersion = 10.0.40219.1
Project("{FAE04EC0-301F-11D3-BF4B-00C04F79EFBC}") = "MitchClient", "MitchClient.csproj", "{BE52A4BB-743B-4A69-ABFA-44E602CD6610}"
EndProject
Global
	GlobalSection(SolutionConfigurationPlatforms) = preSolution
		Debug|Any CPU = Debug|Any CPU
		Release|Any CPU = Release|Any CPU
	EndGlobalSection
	GlobalSection(ProjectConfigurationPlatforms) = postSolution
		{BE52A4BB-743B-4A69-ABFA-44E602CD6610}.Debug|Any CPU.ActiveCfg = Debug|Any CPU
		{BE52A4BB-743B-4A69-ABFA-44E602CD6610}.Debug|Any CPU.Build.0 = Debug|Any CPU
		{BE52A4BB-743B-4A69-ABFA-44E602CD6610}.Release|Any CPU.ActiveCfg = Release|Any CPU
		{BE52A4BB-743B-4A69-ABFA-44E602CD6610}.Release|Any CPU.Build.0 = Release|Any CPU
	EndGlobalSection
	GlobalSection(SolutionProperties) = preSolution
		HideSolutionNode = FALSE
	EndGlobalSection
	GlobalSection(ExtensibilityGlobals) = postSolution
		SolutionGuid = {B8A9B7D4-39B6-4153-BF23-2F4E7DCF023C}
	EndGlobalSection
EndGlobal
